
Microsoft Visual Studio Solution File, Format Version 12.00
# Visual Studio Version 17
VisualStudioVersion = 17.7.34221.43
MinimumVisualStudioVersion = 10.0.40219.1
Project("{9A19103F-16F7-4668-BE54-9A1E7A4F7556}") = "ConsoleAppTask8", "ConsoleAppTask8\ConsoleAppTask8.csproj", "{A9D0B75D-BA59-4A68-8ACA-00619FC29626}"
EndProject
Project("{FAE04EC0-301F-11D3-BF4B-00C04F79EFBC}") = "ConsoleAppC#Algorithm", "..\ConsoleAppC#Algorithm\ConsoleAppC#Algorithm.csproj", "{B5A19CA5-4249-4E1F-A096-5725864CA718}"
EndProject
Global
	GlobalSection(SolutionConfigurationPlatforms) = preSolution
		Debug|Any CPU = Debug|Any CPU
		Release|Any CPU = Release|Any CPU
	EndGlobalSection
	GlobalSection(ProjectConfigurationPlatforms) = postSolution
		{A9D0B75D-BA59-4A68-8ACA-00619FC29626}.Debug|Any CPU.ActiveCfg = Debug|Any CPU
		{A9D0B75D-BA59-4A68-8ACA-00619FC29626}.Debug|Any CPU.Build.0 = Debug|Any CPU
		{A9D0B75D-BA59-4A68-8ACA-00619FC29626}.Release|Any CPU.ActiveCfg = Release|Any CPU
		{A9D0B75D-BA59-4A68-8ACA-00619FC29626}.Release|Any CPU.Build.0 = Release|Any CPU
		{B5A19CA5-4249-4E1F-A096-5725864CA718}.Debug|Any CPU.ActiveCfg = Debug|Any CPU
		{B5A19CA5-4249-4E1F-A096-5725864CA718}.Debug|Any CPU.Build.0 = Debug|Any CPU
		{B5A19CA5-4249-4E1F-A096-5725864CA718}.Release|Any CPU.ActiveCfg = Release|Any CPU
		{B5A19CA5-4249-4E1F-A096-5725864CA718}.Release|Any CPU.Build.0 = Release|Any CPU
	EndGlobalSection
	GlobalSection(SolutionProperties) = preSolution
		HideSolutionNode = FALSE
	EndGlobalSection
	GlobalSection(ExtensibilityGlobals) = postSolution
		SolutionGuid = {DED601F6-805F-49BD-AF9C-61E0AA7F0954}
	EndGlobalSection
EndGlobal
